
Microsoft Visual Studio Solution File, Format Version 12.00
# Visual Studio Version 17
VisualStudioVersion = 17.0.31903.59
MinimumVisualStudioVersion = 10.0.40219.1
Project("{FAE04EC0-301F-11D3-BF4B-00C04F79EFBC}") = "Ecommerce.Api", "..\Ecommerce.Api.csproj", "{B999E823-63B7-45B0-B989-754F3107BCC8}"
EndProject
Project("{FAE04EC0-301F-11D3-BF4B-00C04F79EFBC}") = "Ecommerce.Api.Tests", "..\Ecommerce.Api.Tests\Ecommerce.Api.Tests.csproj", "{B664E1C8-5870-41FD-AD75-ACCC70E2C496}"
EndProject
Global
	GlobalSection(SolutionConfigurationPlatforms) = preSolution
		Debug|Any CPU = Debug|Any CPU
		Release|Any CPU = Release|Any CPU
	EndGlobalSection
	GlobalSection(SolutionProperties) = preSolution
		HideSolutionNode = FALSE
	EndGlobalSection
	GlobalSection(ProjectConfigurationPlatforms) = postSolution
		{B999E823-63B7-45B0-B989-754F3107BCC8}.Debug|Any CPU.ActiveCfg = Debug|Any CPU
		{B999E823-63B7-45B0-B989-754F3107BCC8}.Debug|Any CPU.Build.0 = Debug|Any CPU
		{B999E823-63B7-45B0-B989-754F3107BCC8}.Release|Any CPU.ActiveCfg = Release|Any CPU
		{B999E823-63B7-45B0-B989-754F3107BCC8}.Release|Any CPU.Build.0 = Release|Any CPU
		{B664E1C8-5870-41FD-AD75-ACCC70E2C496}.Debug|Any CPU.ActiveCfg = Debug|Any CPU
		{B664E1C8-5870-41FD-AD75-ACCC70E2C496}.Debug|Any CPU.Build.0 = Debug|Any CPU
		{B664E1C8-5870-41FD-AD75-ACCC70E2C496}.Release|Any CPU.ActiveCfg = Release|Any CPU
		{B664E1C8-5870-41FD-AD75-ACCC70E2C496}.Release|Any CPU.Build.0 = Release|Any CPU
	EndGlobalSection
EndGlobal
